
Microsoft Visual Studio Solution File, Format Version 12.00
# Visual Studio Version 16
VisualStudioVersion = 16.0.29926.136
MinimumVisualStudioVersion = 10.0.40219.1
Project("{FAE04EC0-301F-11D3-BF4B-00C04F79EFBC}") = "PE.Socket", "PESocket\PE.Socket.csproj", "{84AB62B2-C3AA-4F85-B779-780BE2D27DEC}"
EndProject
Project("{FAE04EC0-301F-11D3-BF4B-00C04F79EFBC}") = "PEServerConsole", "PEServerConsole\PEServerConsole.csproj", "{5F3979E6-ED74-4DD4-B734-ACB0CF012592}"
EndProject
Global
	GlobalSection(SolutionConfigurationPlatforms) = preSolution
		Debug|Any CPU = Debug|Any CPU
		Release|Any CPU = Release|Any CPU
	EndGlobalSection
	GlobalSection(ProjectConfigurationPlatforms) = postSolution
		{84AB62B2-C3AA-4F85-B779-780BE2D27DEC}.Debug|Any CPU.ActiveCfg = Debug|Any CPU
		{84AB62B2-C3AA-4F85-B779-780BE2D27DEC}.Debug|Any CPU.Build.0 = Debug|Any CPU
		{84AB62B2-C3AA-4F85-B779-780BE2D27DEC}.Release|Any CPU.ActiveCfg = Release|Any CPU
		{84AB62B2-C3AA-4F85-B779-780BE2D27DEC}.Release|Any CPU.Build.0 = Release|Any CPU
		{5F3979E6-ED74-4DD4-B734-ACB0CF012592}.Debug|Any CPU.ActiveCfg = Debug|Any CPU
		{5F3979E6-ED74-4DD4-B734-ACB0CF012592}.Debug|Any CPU.Build.0 = Debug|Any CPU
		{5F3979E6-ED74-4DD4-B734-ACB0CF012592}.Release|Any CPU.ActiveCfg = Release|Any CPU
		{5F3979E6-ED74-4DD4-B734-ACB0CF012592}.Release|Any CPU.Build.0 = Release|Any CPU
	EndGlobalSection
	GlobalSection(SolutionProperties) = preSolution
		HideSolutionNode = FALSE
	EndGlobalSection
	GlobalSection(ExtensibilityGlobals) = postSolution
		SolutionGuid = {D5855D08-2111-4098-A9FA-CCE621F17DE0}
	EndGlobalSection
EndGlobal
